// !$*UTF8*$!
{
	archiveVersion = 1;
	classes = {
	};
	objectVersion = 55;
	objects = {

/* Begin PBXBuildFile section */
		B536A08D29A1CD1900254AF2 /* Tests_iOS.swift in Sources */ = {isa = PBXBuildFile; fileRef = B536A08C29A1CD1900254AF2 /* Tests_iOS.swift */; };
		B536A08F29A1CD1900254AF2 /* Tests_iOSLaunchTests.swift in Sources */ = {isa = PBXBuildFile; fileRef = B536A08E29A1CD1900254AF2 /* Tests_iOSLaunchTests.swift */; };
		B536A09C29A1CD1900254AF2 /* FetchAppApp.swift in Sources */ = {isa = PBXBuildFile; fileRef = B536A07429A1CD1800254AF2 /* FetchAppApp.swift */; };
		B536A09E29A1CD1900254AF2 /* ContentView.swift in Sources */ = {isa = PBXBuildFile; fileRef = B536A07529A1CD1800254AF2 /* ContentView.swift */; };
		B536A0A029A1CD1900254AF2 /* Assets.xcassets in Resources */ = {isa = PBXBuildFile; fileRef = B536A07629A1CD1900254AF2 /* Assets.xcassets */; };
		B536A0B229A1D09E00254AF2 /* ItemModel.swift in Sources */ = {isa = PBXBuildFile; fileRef = B536A0B129A1D09E00254AF2 /* ItemModel.swift */; };
		B536A0B529A2B08400254AF2 /* ListViewModel.swift in Sources */ = {isa = PBXBuildFile; fileRef = B536A0B429A2B08400254AF2 /* ListViewModel.swift */; };
		B536A0B929A2B67C00254AF2 /* RoundButtonView.swift in Sources */ = {isa = PBXBuildFile; fileRef = B536A0B829A2B67C00254AF2 /* RoundButtonView.swift */; };
/* End PBXBuildFile section */

/* Begin PBXContainerItemProxy section */
		B536A08929A1CD1900254AF2 /* PBXContainerItemProxy */ = {
			isa = PBXContainerItemProxy;
			containerPortal = B536A06F29A1CD1800254AF2 /* Project object */;
			proxyType = 1;
			remoteGlobalIDString = B536A07A29A1CD1900254AF2;
			remoteInfo = "FetchApp (iOS)";
		};
/* End PBXContainerItemProxy section */

/* Begin PBXFileReference section */
		B536A07429A1CD1800254AF2 /* FetchAppApp.swift */ = {isa = PBXFileReference; lastKnownFileType = sourcecode.swift; path = FetchAppApp.swift; sourceTree = "<group>"; };
		B536A07529A1CD1800254AF2 /* ContentView.swift */ = {isa = PBXFileReference; lastKnownFileType = sourcecode.swift; path = ContentView.swift; sourceTree = "<group>"; };
		B536A07629A1CD1900254AF2 /* Assets.xcassets */ = {isa = PBXFileReference; lastKnownFileType = folder.assetcatalog; path = Assets.xcassets; sourceTree = "<group>"; };
		B536A07B29A1CD1900254AF2 /* FetchApp.app */ = {isa = PBXFileReference; explicitFileType = wrapper.application; includeInIndex = 0; path = FetchApp.app; sourceTree = BUILT_PRODUCTS_DIR; };
		B536A08329A1CD1900254AF2 /* macOS.entitlements */ = {isa = PBXFileReference; lastKnownFileType = text.plist.entitlements; path = macOS.entitlements; sourceTree = "<group>"; };
		B536A08829A1CD1900254AF2 /* Tests iOS.xctest */ = {isa = PBXFileReference; explicitFileType = wrapper.cfbundle; includeInIndex = 0; path = "Tests iOS.xctest"; sourceTree = BUILT_PRODUCTS_DIR; };
		B536A08C29A1CD1900254AF2 /* Tests_iOS.swift */ = {isa = PBXFileReference; lastKnownFileType = sourcecode.swift; path = Tests_iOS.swift; sourceTree = "<group>"; };
		B536A08E29A1CD1900254AF2 /* Tests_iOSLaunchTests.swift */ = {isa = PBXFileReference; lastKnownFileType = sourcecode.swift; path = Tests_iOSLaunchTests.swift; sourceTree = "<group>"; };
		B536A09829A1CD1900254AF2 /* Tests_macOS.swift */ = {isa = PBXFileReference; lastKnownFileType = sourcecode.swift; path = Tests_macOS.swift; sourceTree = "<group>"; };
		B536A09A29A1CD1900254AF2 /* Tests_macOSLaunchTests.swift */ = {isa = PBXFileReference; lastKnownFileType = sourcecode.swift; path = Tests_macOSLaunchTests.swift; sourceTree = "<group>"; };
		B536A0B129A1D09E00254AF2 /* ItemModel.swift */ = {isa = PBXFileReference; lastKnownFileType = sourcecode.swift; path = ItemModel.swift; sourceTree = "<group>"; };
		B536A0B429A2B08400254AF2 /* ListViewModel.swift */ = {isa = PBXFileReference; lastKnownFileType = sourcecode.swift; path = ListViewModel.swift; sourceTree = "<group>"; };
		B536A0B829A2B67C00254AF2 /* RoundButtonView.swift */ = {isa = PBXFileReference; lastKnownFileType = sourcecode.swift; path = RoundButtonView.swift; sourceTree = "<group>"; };
/* End PBXFileReference section */

/* Begin PBXFrameworksBuildPhase section */
		B536A07829A1CD1900254AF2 /* Frameworks */ = {
			isa = PBXFrameworksBuildPhase;
			buildActionMask = 2147483647;
			files = (
			);
			runOnlyForDeploymentPostprocessing = 0;
		};
		B536A08529A1CD1900254AF2 /* Frameworks */ = {
			isa = PBXFrameworksBuildPhase;
			buildActionMask = 2147483647;
			files = (
			);
			runOnlyForDeploymentPostprocessing = 0;
		};
/* End PBXFrameworksBuildPhase section */

/* Begin PBXGroup section */
		B536A06E29A1CD1800254AF2 = {
			isa = PBXGroup;
			children = (
				B536A07329A1CD1800254AF2 /* Shared */,
				B536A08229A1CD1900254AF2 /* macOS */,
				B536A08B29A1CD1900254AF2 /* Tests iOS */,
				B536A09729A1CD1900254AF2 /* Tests macOS */,
				B536A07C29A1CD1900254AF2 /* Products */,
			);
			sourceTree = "<group>";
		};
		B536A07329A1CD1800254AF2 /* Shared */ = {
			isa = PBXGroup;
			children = (
				B536A0B629A2B0A600254AF2 /* Views */,
				B536A0B329A2B05600254AF2 /* ViewModels */,
				B536A0B029A1D07700254AF2 /* Models */,
				B536A07429A1CD1800254AF2 /* FetchAppApp.swift */,
				B536A07629A1CD1900254AF2 /* Assets.xcassets */,
			);
			path = Shared;
			sourceTree = "<group>";
		};
		B536A07C29A1CD1900254AF2 /* Products */ = {
			isa = PBXGroup;
			children = (
				B536A07B29A1CD1900254AF2 /* FetchApp.app */,
				B536A08829A1CD1900254AF2 /* Tests iOS.xctest */,
			);
			name = Products;
			sourceTree = "<group>";
		};
		B536A08229A1CD1900254AF2 /* macOS */ = {
			isa = PBXGroup;
			children = (
				B536A08329A1CD1900254AF2 /* macOS.entitlements */,
			);
			path = macOS;
			sourceTree = "<group>";
		};
		B536A08B29A1CD1900254AF2 /* Tests iOS */ = {
			isa = PBXGroup;
			children = (
				B536A08C29A1CD1900254AF2 /* Tests_iOS.swift */,
				B536A08E29A1CD1900254AF2 /* Tests_iOSLaunchTests.swift */,
			);
			path = "Tests iOS";
			sourceTree = "<group>";
		};
		B536A09729A1CD1900254AF2 /* Tests macOS */ = {
			isa = PBXGroup;
			children = (
				B536A09829A1CD1900254AF2 /* Tests_macOS.swift */,
				B536A09A29A1CD1900254AF2 /* Tests_macOSLaunchTests.swift */,
			);
			path = "Tests macOS";
			sourceTree = "<group>";
		};
		B536A0B029A1D07700254AF2 /* Models */ = {
			isa = PBXGroup;
			children = (
				B536A0B129A1D09E00254AF2 /* ItemModel.swift */,
			);
			path = Models;
			sourceTree = "<group>";
		};
		B536A0B329A2B05600254AF2 /* ViewModels */ = {
			isa = PBXGroup;
			children = (
				B536A0B429A2B08400254AF2 /* ListViewModel.swift */,
			);
			path = ViewModels;
			sourceTree = "<group>";
		};
		B536A0B629A2B0A600254AF2 /* Views */ = {
			isa = PBXGroup;
			children = (
				B536A07529A1CD1800254AF2 /* ContentView.swift */,
				B536A0B829A2B67C00254AF2 /* RoundButtonView.swift */,
			);
			path = Views;
			sourceTree = "<group>";
		};
/* End PBXGroup section */

/* Begin PBXNativeTarget section */
		B536A07A29A1CD1900254AF2 /* FetchApp (iOS) */ = {
			isa = PBXNativeTarget;
			buildConfigurationList = B536A0A429A1CD1900254AF2 /* Build configuration list for PBXNativeTarget "FetchApp (iOS)" */;
			buildPhases = (
				B536A07729A1CD1900254AF2 /* Sources */,
				B536A07829A1CD1900254AF2 /* Frameworks */,
				B536A07929A1CD1900254AF2 /* Resources */,
			);
			buildRules = (
			);
			dependencies = (
			);
			name = "FetchApp (iOS)";
			productName = "FetchApp (iOS)";
			productReference = B536A07B29A1CD1900254AF2 /* FetchApp.app */;
			productType = "com.apple.product-type.application";
		};
		B536A08729A1CD1900254AF2 /* Tests iOS */ = {
			isa = PBXNativeTarget;
			buildConfigurationList = B536A0AA29A1CD1900254AF2 /* Build configuration list for PBXNativeTarget "Tests iOS" */;
			buildPhases = (
				B536A08429A1CD1900254AF2 /* Sources */,
				B536A08529A1CD1900254AF2 /* Frameworks */,
				B536A08629A1CD1900254AF2 /* Resources */,
			);
			buildRules = (
			);
			dependencies = (
				B536A08A29A1CD1900254AF2 /* PBXTargetDependency */,
			);
			name = "Tests iOS";
			productName = "Tests iOS";
			productReference = B536A08829A1CD1900254AF2 /* Tests iOS.xctest */;
			productType = "com.apple.product-type.bundle.ui-testing";
		};
/* End PBXNativeTarget section */

/* Begin PBXProject section */
		B536A06F29A1CD1800254AF2 /* Project object */ = {
			isa = PBXProject;
			attributes = {
				BuildIndependentTargetsInParallel = 1;
				LastSwiftUpdateCheck = 1340;
				LastUpgradeCheck = 1340;
				TargetAttributes = {
					B536A07A29A1CD1900254AF2 = {
						CreatedOnToolsVersion = 13.4.1;
					};
					B536A08729A1CD1900254AF2 = {
						CreatedOnToolsVersion = 13.4.1;
						TestTargetID = B536A07A29A1CD1900254AF2;
					};
				};
			};
			buildConfigurationList = B536A07229A1CD1800254AF2 /* Build configuration list for PBXProject "FetchApp" */;
			compatibilityVersion = "Xcode 13.0";
			developmentRegion = en;
			hasScannedForEncodings = 0;
			knownRegions = (
				en,
				Base,
			);
			mainGroup = B536A06E29A1CD1800254AF2;
			productRefGroup = B536A07C29A1CD1900254AF2 /* Products */;
			projectDirPath = "";
			projectRoot = "";
			targets = (
				B536A07A29A1CD1900254AF2 /* FetchApp (iOS) */,
				B536A08729A1CD1900254AF2 /* Tests iOS */,
			);
		};
/* End PBXProject section */

/* Begin PBXResourcesBuildPhase section */
		B536A07929A1CD1900254AF2 /* Resources */ = {
			isa = PBXResourcesBuildPhase;
			buildActionMask = 2147483647;
			files = (
				B536A0A029A1CD1900254AF2 /* Assets.xcassets in Resources */,
			);
			runOnlyForDeploymentPostprocessing = 0;
		};
		B536A08629A1CD1900254AF2 /* Resources */ = {
			isa = PBXResourcesBuildPhase;
			buildActionMask = 2147483647;
			files = (
			);
			runOnlyForDeploymentPostprocessing = 0;
		};
/* End PBXResourcesBuildPhase section */

/* Begin PBXSourcesBuildPhase section */
		B536A07729A1CD1900254AF2 /* Sources */ = {
			isa = PBXSourcesBuildPhase;
			buildActionMask = 2147483647;
			files = (
				B536A0B229A1D09E00254AF2 /* ItemModel.swift in Sources */,
				B536A09E29A1CD1900254AF2 /* ContentView.swift in Sources */,
				B536A0B929A2B67C00254AF2 /* RoundButtonView.swift in Sources */,
				B536A0B529A2B08400254AF2 /* ListViewModel.swift in Sources */,
				B536A09C29A1CD1900254AF2 /* FetchAppApp.swift in Sources */,
			);
			runOnlyForDeploymentPostprocessing = 0;
		};
		B536A08429A1CD1900254AF2 /* Sources */ = {
			isa = PBXSourcesBuildPhase;
			buildActionMask = 2147483647;
			files = (
				B536A08F29A1CD1900254AF2 /* Tests_iOSLaunchTests.swift in Sources */,
				B536A08D29A1CD1900254AF2 /* Tests_iOS.swift in Sources */,
			);
			runOnlyForDeploymentPostprocessing = 0;
		};
/* End PBXSourcesBuildPhase section */

/* Begin PBXTargetDependency section */
		B536A08A29A1CD1900254AF2 /* PBXTargetDependency */ = {
			isa = PBXTargetDependency;
			target = B536A07A29A1CD1900254AF2 /* FetchApp (iOS) */;
			targetProxy = B536A08929A1CD1900254AF2 /* PBXContainerItemProxy */;
		};
/* End PBXTargetDependency section */

/* Begin XCBuildConfiguration section */
		B536A0A229A1CD1900254AF2 /* Debug */ = {
			isa = XCBuildConfiguration;
			buildSettings = {
				ALWAYS_SEARCH_USER_PATHS = NO;
				CLANG_ANALYZER_NONNULL = YES;
				CLANG_ANALYZER_NUMBER_OBJECT_CONVERSION = YES_AGGRESSIVE;
				CLANG_CXX_LANGUAGE_STANDARD = "gnu++17";
				CLANG_ENABLE_MODULES = YES;
				CLANG_ENABLE_OBJC_ARC = YES;
				CLANG_ENABLE_OBJC_WEAK = YES;
				CLANG_WARN_BLOCK_CAPTURE_AUTORELEASING = YES;
				CLANG_WARN_BOOL_CONVERSION = YES;
				CLANG_WARN_COMMA = YES;
				CLANG_WARN_CONSTANT_CONVERSION = YES;
				CLANG_WARN_DEPRECATED_OBJC_IMPLEMENTATIONS = YES;
				CLANG_WARN_DIRECT_OBJC_ISA_USAGE = YES_ERROR;
				CLANG_WARN_DOCUMENTATION_COMMENTS = YES;
				CLANG_WARN_EMPTY_BODY = YES;
				CLANG_WARN_ENUM_CONVERSION = YES;
				CLANG_WARN_INFINITE_RECURSION = YES;
				CLANG_WARN_INT_CONVERSION = YES;
				CLANG_WARN_NON_LITERAL_NULL_CONVERSION = YES;
				CLANG_WARN_OBJC_IMPLICIT_RETAIN_SELF = YES;
				CLANG_WARN_OBJC_LITERAL_CONVERSION = YES;
				CLANG_WARN_OBJC_ROOT_CLASS = YES_ERROR;
				CLANG_WARN_QUOTED_INCLUDE_IN_FRAMEWORK_HEADER = YES;
				CLANG_WARN_RANGE_LOOP_ANALYSIS = YES;
				CLANG_WARN_STRICT_PROTOTYPES = YES;
				CLANG_WARN_SUSPICIOUS_MOVE = YES;
				CLANG_WARN_UNGUARDED_AVAILABILITY = YES_AGGRESSIVE;
				CLANG_WARN_UNREACHABLE_CODE = YES;
				CLANG_WARN__DUPLICATE_METHOD_MATCH = YES;
				COPY_PHASE_STRIP = NO;
				DEBUG_INFORMATION_FORMAT = dwarf;
				ENABLE_STRICT_OBJC_MSGSEND = YES;
				ENABLE_TESTABILITY = YES;
				GCC_C_LANGUAGE_STANDARD = gnu11;
				GCC_DYNAMIC_NO_PIC = NO;
				GCC_NO_COMMON_BLOCKS = YES;
				GCC_OPTIMIZATION_LEVEL = 0;
				GCC_PREPROCESSOR_DEFINITIONS = (
					"DEBUG=1",
					"$(inherited)",
				);
				GCC_WARN_64_TO_32_BIT_CONVERSION = YES;
				GCC_WARN_ABOUT_RETURN_TYPE = YES_ERROR;
				GCC_WARN_UNDECLARED_SELECTOR = YES;
				GCC_WARN_UNINITIALIZED_AUTOS = YES_AGGRESSIVE;
				GCC_WARN_UNUSED_FUNCTION = YES;
				GCC_WARN_UNUSED_VARIABLE = YES;
				MTL_ENABLE_DEBUG_INFO = INCLUDE_SOURCE;
				MTL_FAST_MATH = YES;
				ONLY_ACTIVE_ARCH = YES;
				SWIFT_ACTIVE_COMPILATION_CONDITIONS = DEBUG;
				SWIFT_OPTIMIZATION_LEVEL = "-Onone";
			};
			name = Debug;
		};
		B536A0A329A1CD1900254AF2 /* Release */ = {
			isa = XCBuildConfiguration;
			buildSettings = {
				ALWAYS_SEARCH_USER_PATHS = NO;
				CLANG_ANALYZER_NONNULL = YES;
				CLANG_ANALYZER_NUMBER_OBJECT_CONVERSION = YES_AGGRESSIVE;
				CLANG_CXX_LANGUAGE_STANDARD = "gnu++17";
				CLANG_ENABLE_MODULES = YES;
				CLANG_ENABLE_OBJC_ARC = YES;
				CLANG_ENABLE_OBJC_WEAK = YES;
				CLANG_WARN_BLOCK_CAPTURE_AUTORELEASING = YES;
				CLANG_WARN_BOOL_CONVERSION = YES;
				CLANG_WARN_COMMA = YES;
				CLANG_WARN_CONSTANT_CONVERSION = YES;
				CLANG_WARN_DEPRECATED_OBJC_IMPLEMENTATIONS = YES;
				CLANG_WARN_DIRECT_OBJC_ISA_USAGE = YES_ERROR;
				CLANG_WARN_DOCUMENTATION_COMMENTS = YES;
				CLANG_WARN_EMPTY_BODY = YES;
				CLANG_WARN_ENUM_CONVERSION = YES;
				CLANG_WARN_INFINITE_RECURSION = YES;
				CLANG_WARN_INT_CONVERSION = YES;
				CLANG_WARN_NON_LITERAL_NULL_CONVERSION = YES;
				CLANG_WARN_OBJC_IMPLICIT_RETAIN_SELF = YES;
				CLANG_WARN_OBJC_LITERAL_CONVERSION = YES;
				CLANG_WARN_OBJC_ROOT_CLASS = YES_ERROR;
				CLANG_WARN_QUOTED_INCLUDE_IN_FRAMEWORK_HEADER = YES;
				CLANG_WARN_RANGE_LOOP_ANALYSIS = YES;
				CLANG_WARN_STRICT_PROTOTYPES = YES;
				CLANG_WARN_SUSPICIOUS_MOVE = YES;
				CLANG_WARN_UNGUARDED_AVAILABILITY = YES_AGGRESSIVE;
				CLANG_WARN_UNREACHABLE_CODE = YES;
				CLANG_WARN__DUPLICATE_METHOD_MATCH = YES;
				COPY_PHASE_STRIP = NO;
				DEBUG_INFORMATION_FORMAT = "dwarf-with-dsym";
				ENABLE_NS_ASSERTIONS = NO;
				ENABLE_STRICT_OBJC_MSGSEND = YES;
				GCC_C_LANGUAGE_STANDARD = gnu11;
				GCC_NO_COMMON_BLOCKS = YES;
				GCC_WARN_64_TO_32_BIT_CONVERSION = YES;
				GCC_WARN_ABOUT_RETURN_TYPE = YES_ERROR;
				GCC_WARN_UNDECLARED_SELECTOR = YES;
				GCC_WARN_UNINITIALIZED_AUTOS = YES_AGGRESSIVE;
				GCC_WARN_UNUSED_FUNCTION = YES;
				GCC_WARN_UNUSED_VARIABLE = YES;
				MTL_ENABLE_DEBUG_INFO = NO;
				MTL_FAST_MATH = YES;
				SWIFT_COMPILATION_MODE = wholemodule;
				SWIFT_OPTIMIZATION_LEVEL = "-O";
			};
			name = Release;
		};
		B536A0A529A1CD1900254AF2 /* Debug */ = {
			isa = XCBuildConfiguration;
			buildSettings = {
				ASSETCATALOG_COMPILER_APPICON_NAME = AppIcon;
				ASSETCATALOG_COMPILER_GLOBAL_ACCENT_COLOR_NAME = AccentColor;
				CODE_SIGN_STYLE = Automatic;
				CURRENT_PROJECT_VERSION = 1;
				ENABLE_PREVIEWS = YES;
				GENERATE_INFOPLIST_FILE = YES;
				INFOPLIST_KEY_UIApplicationSceneManifest_Generation = YES;
				INFOPLIST_KEY_UIApplicationSupportsIndirectInputEvents = YES;
				INFOPLIST_KEY_UILaunchScreen_Generation = YES;
				INFOPLIST_KEY_UISupportedInterfaceOrientations = UIInterfaceOrientationPortrait;
				INFOPLIST_KEY_UISupportedInterfaceOrientations_iPad = "UIInterfaceOrientationPortrait UIInterfaceOrientationPortraitUpsideDown UIInterfaceOrientationLandscapeLeft UIInterfaceOrientationLandscapeRight";
				INFOPLIST_KEY_UISupportedInterfaceOrientations_iPhone = "UIInterfaceOrientationPortrait UIInterfaceOrientationLandscapeLeft UIInterfaceOrientationLandscapeRight";
				IPHONEOS_DEPLOYMENT_TARGET = 15.5;
				LD_RUNPATH_SEARCH_PATHS = (
					"$(inherited)",
					"@executable_path/Frameworks",
				);
				MARKETING_VERSION = 1.0;
				PRODUCT_BUNDLE_IDENTIFIER = fetchapp.FetchApp;
				PRODUCT_NAME = FetchApp;
				SDKROOT = iphoneos;
				SWIFT_EMIT_LOC_STRINGS = YES;
				SWIFT_VERSION = 5.0;
				TARGETED_DEVICE_FAMILY = "1,2";
			};
			name = Debug;
		};
		B536A0A629A1CD1900254AF2 /* Release */ = {
			isa = XCBuildConfiguration;
			buildSettings = {
				ASSETCATALOG_COMPILER_APPICON_NAME = AppIcon;
				ASSETCATALOG_COMPILER_GLOBAL_ACCENT_COLOR_NAME = AccentColor;
				CODE_SIGN_STYLE = Automatic;
				CURRENT_PROJECT_VERSION = 1;
				ENABLE_PREVIEWS = YES;
				GENERATE_INFOPLIST_FILE = YES;
				INFOPLIST_KEY_UIApplicationSceneManifest_Generation = YES;
				INFOPLIST_KEY_UIApplicationSupportsIndirectInputEvents = YES;
				INFOPLIST_KEY_UILaunchScreen_Generation = YES;
				INFOPLIST_KEY_UISupportedInterfaceOrientations = UIInterfaceOrientationPortrait;
				INFOPLIST_KEY_UISupportedInterfaceOrientations_iPad = "UIInterfaceOrientationPortrait UIInterfaceOrientationPortraitUpsideDown UIInterfaceOrientationLandscapeLeft UIInterfaceOrientationLandscapeRight";
				INFOPLIST_KEY_UISupportedInterfaceOrientations_iPhone = "UIInterfaceOrientationPortrait UIInterfaceOrientationLandscapeLeft UIInterfaceOrientationLandscapeRight";
				IPHONEOS_DEPLOYMENT_TARGET = 15.5;
				LD_RUNPATH_SEARCH_PATHS = (
					"$(inherited)",
					"@executable_path/Frameworks",
				);
				MARKETING_VERSION = 1.0;
				PRODUCT_BUNDLE_IDENTIFIER = fetchapp.FetchApp;
				PRODUCT_NAME = FetchApp;
				SDKROOT = iphoneos;
				SWIFT_EMIT_LOC_STRINGS = YES;
				SWIFT_VERSION = 5.0;
				TARGETED_DEVICE_FAMILY = "1,2";
				VALIDATE_PRODUCT = YES;
			};
			name = Release;
		};
		B536A0AB29A1CD1900254AF2 /* Debug */ = {
			isa = XCBuildConfiguration;
			buildSettings = {
				ALWAYS_EMBED_SWIFT_STANDARD_LIBRARIES = YES;
				CODE_SIGN_STYLE = Automatic;
				CURRENT_PROJECT_VERSION = 1;
				GENERATE_INFOPLIST_FILE = YES;
				IPHONEOS_DEPLOYMENT_TARGET = 15.5;
				MARKETING_VERSION = 1.0;
				PRODUCT_BUNDLE_IDENTIFIER = "fetchapp.Tests-iOS";
				PRODUCT_NAME = "$(TARGET_NAME)";
				SDKROOT = iphoneos;
				SWIFT_EMIT_LOC_STRINGS = NO;
				SWIFT_VERSION = 5.0;
				TARGETED_DEVICE_FAMILY = "1,2";
				TEST_TARGET_NAME = "FetchApp (iOS)";
			};
			name = Debug;
		};
		B536A0AC29A1CD1900254AF2 /* Release */ = {
			isa = XCBuildConfiguration;
			buildSettings = {
				ALWAYS_EMBED_SWIFT_STANDARD_LIBRARIES = YES;
				CODE_SIGN_STYLE = Automatic;
				CURRENT_PROJECT_VERSION = 1;
				GENERATE_INFOPLIST_FILE = YES;
				IPHONEOS_DEPLOYMENT_TARGET = 15.5;
				MARKETING_VERSION = 1.0;
				PRODUCT_BUNDLE_IDENTIFIER = "fetchapp.Tests-iOS";
				PRODUCT_NAME = "$(TARGET_NAME)";
				SDKROOT = iphoneos;
				SWIFT_EMIT_LOC_STRINGS = NO;
				SWIFT_VERSION = 5.0;
				TARGETED_DEVICE_FAMILY = "1,2";
				TEST_TARGET_NAME = "FetchApp (iOS)";
				VALIDATE_PRODUCT = YES;
			};
			name = Release;
		};
/* End XCBuildConfiguration section */

/* Begin XCConfigurationList section */
		B536A07229A1CD1800254AF2 /* Build configuration list for PBXProject "FetchApp" */ = {
			isa = XCConfigurationList;
			buildConfigurations = (
				B536A0A229A1CD1900254AF2 /* Debug */,
				B536A0A329A1CD1900254AF2 /* Release */,
			);
			defaultConfigurationIsVisible = 0;
			defaultConfigurationName = Release;
		};
		B536A0A429A1CD1900254AF2 /* Build configuration list for PBXNativeTarget "FetchApp (iOS)" */ = {
			isa = XCConfigurationList;
			buildConfigurations = (
				B536A0A529A1CD1900254AF2 /* Debug */,
				B536A0A629A1CD1900254AF2 /* Release */,
			);
			defaultConfigurationIsVisible = 0;
			defaultConfigurationName = Release;
		};
		B536A0AA29A1CD1900254AF2 /* Build configuration list for PBXNativeTarget "Tests iOS" */ = {
			isa = XCConfigurationList;
			buildConfigurations = (
				B536A0AB29A1CD1900254AF2 /* Debug */,
				B536A0AC29A1CD1900254AF2 /* Release */,
			);
			defaultConfigurationIsVisible = 0;
			defaultConfigurationName = Release;
		};
/* End XCConfigurationList section */
	};
	rootObject = B536A06F29A1CD1800254AF2 /* Project object */;
}
